// !$*UTF8*$!
{
	archiveVersion = 1;
	classes = {
	};
	objectVersion = 55;
	objects = {

/* Begin PBXBuildFile section */
		5CB21B4528BEE34B00B39783 /* Framework in Frameworks */ = {isa = PBXBuildFile; productRef = 5CB21B4428BEE34B00B39783 /* Framework */; };
		5CFCCF9D28BEE2B8001CD397 /* DemoAppApp.swift in Sources */ = {isa = PBXBuildFile; fileRef = 5CFCCF9C28BEE2B8001CD397 /* DemoAppApp.swift */; };
		5CFCCF9F28BEE2B8001CD397 /* ContentView.swift in Sources */ = {isa = PBXBuildFile; fileRef = 5CFCCF9E28BEE2B8001CD397 /* ContentView.swift */; };
		5CFCCFA128BEE2B9001CD397 /* Assets.xcassets in Resources */ = {isa = PBXBuildFile; fileRef = 5CFCCFA028BEE2B9001CD397 /* Assets.xcassets */; };
		5CFCCFA428BEE2B9001CD397 /* Preview Assets.xcassets in Resources */ = {isa = PBXBuildFile; fileRef = 5CFCCFA328BEE2B9001CD397 /* Preview Assets.xcassets */; };
		5CFCCFAE28BEE2B9001CD397 /* DemoAppTests.swift in Sources */ = {isa = PBXBuildFile; fileRef = 5CFCCFAD28BEE2B9001CD397 /* DemoAppTests.swift */; };
		5CFCCFB828BEE2B9001CD397 /* DemoAppUITests.swift in Sources */ = {isa = PBXBuildFile; fileRef = 5CFCCFB728BEE2B9001CD397 /* DemoAppUITests.swift */; };
		5CFCCFBA28BEE2B9001CD397 /* DemoAppUITestsLaunchTests.swift in Sources */ = {isa = PBXBuildFile; fileRef = 5CFCCFB928BEE2B9001CD397 /* DemoAppUITestsLaunchTests.swift */; };
/* End PBXBuildFile section */

/* Begin PBXContainerItemProxy section */
		5CFCCFAA28BEE2B9001CD397 /* PBXContainerItemProxy */ = {
			isa = PBXContainerItemProxy;
			containerPortal = 5CFCCF9128BEE2B7001CD397 /* Project object */;
			proxyType = 1;
			remoteGlobalIDString = 5CFCCF9828BEE2B8001CD397;
			remoteInfo = DemoApp;
		};
		5CFCCFB428BEE2B9001CD397 /* PBXContainerItemProxy */ = {
			isa = PBXContainerItemProxy;
			containerPortal = 5CFCCF9128BEE2B7001CD397 /* Project object */;
			proxyType = 1;
			remoteGlobalIDString = 5CFCCF9828BEE2B8001CD397;
			remoteInfo = DemoApp;
		};
/* End PBXContainerItemProxy section */

/* Begin PBXFileReference section */
		5CB21B4228BEE33A00B39783 /* ios-framework */ = {isa = PBXFileReference; lastKnownFileType = wrapper; name = "ios-framework"; path = ..; sourceTree = "<group>"; };
		5CFCCF9928BEE2B8001CD397 /* DemoApp.app */ = {isa = PBXFileReference; explicitFileType = wrapper.application; includeInIndex = 0; path = DemoApp.app; sourceTree = BUILT_PRODUCTS_DIR; };
		5CFCCF9C28BEE2B8001CD397 /* DemoAppApp.swift */ = {isa = PBXFileReference; lastKnownFileType = sourcecode.swift; path = DemoAppApp.swift; sourceTree = "<group>"; };
		5CFCCF9E28BEE2B8001CD397 /* ContentView.swift */ = {isa = PBXFileReference; lastKnownFileType = sourcecode.swift; path = ContentView.swift; sourceTree = "<group>"; };
		5CFCCFA028BEE2B9001CD397 /* Assets.xcassets */ = {isa = PBXFileReference; lastKnownFileType = folder.assetcatalog; path = Assets.xcassets; sourceTree = "<group>"; };
		5CFCCFA328BEE2B9001CD397 /* Preview Assets.xcassets */ = {isa = PBXFileReference; lastKnownFileType = folder.assetcatalog; path = "Preview Assets.xcassets"; sourceTree = "<group>"; };
		5CFCCFA928BEE2B9001CD397 /* DemoAppTests.xctest */ = {isa = PBXFileReference; explicitFileType = wrapper.cfbundle; includeInIndex = 0; path = DemoAppTests.xctest; sourceTree = BUILT_PRODUCTS_DIR; };
		5CFCCFAD28BEE2B9001CD397 /* DemoAppTests.swift */ = {isa = PBXFileReference; lastKnownFileType = sourcecode.swift; path = DemoAppTests.swift; sourceTree = "<group>"; };
		5CFCCFB328BEE2B9001CD397 /* DemoAppUITests.xctest */ = {isa = PBXFileReference; explicitFileType = wrapper.cfbundle; includeInIndex = 0; path = DemoAppUITests.xctest; sourceTree = BUILT_PRODUCTS_DIR; };
		5CFCCFB728BEE2B9001CD397 /* DemoAppUITests.swift */ = {isa = PBXFileReference; lastKnownFileType = sourcecode.swift; path = DemoAppUITests.swift; sourceTree = "<group>"; };
		5CFCCFB928BEE2B9001CD397 /* DemoAppUITestsLaunchTests.swift */ = {isa = PBXFileReference; lastKnownFileType = sourcecode.swift; path = DemoAppUITestsLaunchTests.swift; sourceTree = "<group>"; };
/* End PBXFileReference section */

/* Begin PBXFrameworksBuildPhase section */
		5CFCCF9628BEE2B8001CD397 /* Frameworks */ = {
			isa = PBXFrameworksBuildPhase;
			buildActionMask = 2147483647;
			files = (
				5CB21B4528BEE34B00B39783 /* Framework in Frameworks */,
			);
			runOnlyForDeploymentPostprocessing = 0;
		};
		5CFCCFA628BEE2B9001CD397 /* Frameworks */ = {
			isa = PBXFrameworksBuildPhase;
			buildActionMask = 2147483647;
			files = (
			);
			runOnlyForDeploymentPostprocessing = 0;
		};
		5CFCCFB028BEE2B9001CD397 /* Frameworks */ = {
			isa = PBXFrameworksBuildPhase;
			buildActionMask = 2147483647;
			files = (
			);
			runOnlyForDeploymentPostprocessing = 0;
		};
/* End PBXFrameworksBuildPhase section */

/* Begin PBXGroup section */
		5CB21B4328BEE34B00B39783 /* Frameworks */ = {
			isa = PBXGroup;
			children = (
			);
			name = Frameworks;
			sourceTree = "<group>";
		};
		5CFCCF9028BEE2B7001CD397 = {
			isa = PBXGroup;
			children = (
				5CB21B4228BEE33A00B39783 /* ios-framework */,
				5CFCCF9B28BEE2B8001CD397 /* DemoApp */,
				5CFCCFAC28BEE2B9001CD397 /* DemoAppTests */,
				5CFCCFB628BEE2B9001CD397 /* DemoAppUITests */,
				5CFCCF9A28BEE2B8001CD397 /* Products */,
				5CB21B4328BEE34B00B39783 /* Frameworks */,
			);
			sourceTree = "<group>";
		};
		5CFCCF9A28BEE2B8001CD397 /* Products */ = {
			isa = PBXGroup;
			children = (
				5CFCCF9928BEE2B8001CD397 /* DemoApp.app */,
				5CFCCFA928BEE2B9001CD397 /* DemoAppTests.xctest */,
				5CFCCFB328BEE2B9001CD397 /* DemoAppUITests.xctest */,
			);
			name = Products;
			sourceTree = "<group>";
		};
		5CFCCF9B28BEE2B8001CD397 /* DemoApp */ = {
			isa = PBXGroup;
			children = (
				5CFCCF9C28BEE2B8001CD397 /* DemoAppApp.swift */,
				5CFCCF9E28BEE2B8001CD397 /* ContentView.swift */,
				5CFCCFA028BEE2B9001CD397 /* Assets.xcassets */,
				5CFCCFA228BEE2B9001CD397 /* Preview Content */,
			);
			path = DemoApp;
			sourceTree = "<group>";
		};
		5CFCCFA228BEE2B9001CD397 /* Preview Content */ = {
			isa = PBXGroup;
			children = (
				5CFCCFA328BEE2B9001CD397 /* Preview Assets.xcassets */,
			);
			path = "Preview Content";
			sourceTree = "<group>";
		};
		5CFCCFAC28BEE2B9001CD397 /* DemoAppTests */ = {
			isa = PBXGroup;
			children = (
				5CFCCFAD28BEE2B9001CD397 /* DemoAppTests.swift */,
			);
			path = DemoAppTests;
			sourceTree = "<group>";
		};
		5CFCCFB628BEE2B9001CD397 /* DemoAppUITests */ = {
			isa = PBXGroup;
			children = (
				5CFCCFB728BEE2B9001CD397 /* DemoAppUITests.swift */,
				5CFCCFB928BEE2B9001CD397 /* DemoAppUITestsLaunchTests.swift */,
			);
			path = DemoAppUITests;
			sourceTree = "<group>";
		};
/* End PBXGroup section */

/* Begin PBXNativeTarget section */
		5CFCCF9828BEE2B8001CD397 /* DemoApp */ = {
			isa = PBXNativeTarget;
			buildConfigurationList = 5CFCCFBD28BEE2B9001CD397 /* Build configuration list for PBXNativeTarget "DemoApp" */;
			buildPhases = (
				5CFCCF9528BEE2B8001CD397 /* Sources */,
				5CFCCF9628BEE2B8001CD397 /* Frameworks */,
				5CFCCF9728BEE2B8001CD397 /* Resources */,
			);
			buildRules = (
			);
			dependencies = (
			);
			name = DemoApp;
			packageProductDependencies = (
				5CB21B4428BEE34B00B39783 /* Framework */,
			);
			productName = DemoApp;
			productReference = 5CFCCF9928BEE2B8001CD397 /* DemoApp.app */;
			productType = "com.apple.product-type.application";
		};
		5CFCCFA828BEE2B9001CD397 /* DemoAppTests */ = {
			isa = PBXNativeTarget;
			buildConfigurationList = 5CFCCFC028BEE2B9001CD397 /* Build configuration list for PBXNativeTarget "DemoAppTests" */;
			buildPhases = (
				5CFCCFA528BEE2B9001CD397 /* Sources */,
				5CFCCFA628BEE2B9001CD397 /* Frameworks */,
				5CFCCFA728BEE2B9001CD397 /* Resources */,
			);
			buildRules = (
			);
			dependencies = (
				5CFCCFAB28BEE2B9001CD397 /* PBXTargetDependency */,
			);
			name = DemoAppTests;
			productName = DemoAppTests;
			productReference = 5CFCCFA928BEE2B9001CD397 /* DemoAppTests.xctest */;
			productType = "com.apple.product-type.bundle.unit-test";
		};
		5CFCCFB228BEE2B9001CD397 /* DemoAppUITests */ = {
			isa = PBXNativeTarget;
			buildConfigurationList = 5CFCCFC328BEE2B9001CD397 /* Build configuration list for PBXNativeTarget "DemoAppUITests" */;
			buildPhases = (
				5CFCCFAF28BEE2B9001CD397 /* Sources */,
				5CFCCFB028BEE2B9001CD397 /* Frameworks */,
				5CFCCFB128BEE2B9001CD397 /* Resources */,
			);
			buildRules = (
			);
			dependencies = (
				5CFCCFB528BEE2B9001CD397 /* PBXTargetDependency */,
			);
			name = DemoAppUITests;
			productName = DemoAppUITests;
			productReference = 5CFCCFB328BEE2B9001CD397 /* DemoAppUITests.xctest */;
			productType = "com.apple.product-type.bundle.ui-testing";
		};
/* End PBXNativeTarget section */

/* Begin PBXProject section */
		5CFCCF9128BEE2B7001CD397 /* Project object */ = {
			isa = PBXProject;
			attributes = {
				BuildIndependentTargetsInParallel = 1;
				LastSwiftUpdateCheck = 1340;
				LastUpgradeCheck = 1340;
				TargetAttributes = {
					5CFCCF9828BEE2B8001CD397 = {
						CreatedOnToolsVersion = 13.4.1;
					};
					5CFCCFA828BEE2B9001CD397 = {
						CreatedOnToolsVersion = 13.4.1;
						TestTargetID = 5CFCCF9828BEE2B8001CD397;
					};
					5CFCCFB228BEE2B9001CD397 = {
						CreatedOnToolsVersion = 13.4.1;
						TestTargetID = 5CFCCF9828BEE2B8001CD397;
					};
				};
			};
			buildConfigurationList = 5CFCCF9428BEE2B7001CD397 /* Build configuration list for PBXProject "DemoApp" */;
			compatibilityVersion = "Xcode 13.0";
			developmentRegion = en;
			hasScannedForEncodings = 0;
			knownRegions = (
				en,
				Base,
			);
			mainGroup = 5CFCCF9028BEE2B7001CD397;
			productRefGroup = 5CFCCF9A28BEE2B8001CD397 /* Products */;
			projectDirPath = "";
			projectRoot = "";
			targets = (
				5CFCCF9828BEE2B8001CD397 /* DemoApp */,
				5CFCCFA828BEE2B9001CD397 /* DemoAppTests */,
				5CFCCFB228BEE2B9001CD397 /* DemoAppUITests */,
			);
		};
/* End PBXProject section */

/* Begin PBXResourcesBuildPhase section */
		5CFCCF9728BEE2B8001CD397 /* Resources */ = {
			isa = PBXResourcesBuildPhase;
			buildActionMask = 2147483647;
			files = (
				5CFCCFA428BEE2B9001CD397 /* Preview Assets.xcassets in Resources */,
				5CFCCFA128BEE2B9001CD397 /* Assets.xcassets in Resources */,
			);
			runOnlyForDeploymentPostprocessing = 0;
		};
		5CFCCFA728BEE2B9001CD397 /* Resources */ = {
			isa = PBXResourcesBuildPhase;
			buildActionMask = 2147483647;
			files = (
			);
			runOnlyForDeploymentPostprocessing = 0;
		};
		5CFCCFB128BEE2B9001CD397 /* Resources */ = {
			isa = PBXResourcesBuildPhase;
			buildActionMask = 2147483647;
			files = (
			);
			runOnlyForDeploymentPostprocessing = 0;
		};
/* End PBXResourcesBuildPhase section */

/* Begin PBXSourcesBuildPhase section */
		5CFCCF9528BEE2B8001CD397 /* Sources */ = {
			isa = PBXSourcesBuildPhase;
			buildActionMask = 2147483647;
			files = (
				5CFCCF9F28BEE2B8001CD397 /* ContentView.swift in Sources */,
				5CFCCF9D28BEE2B8001CD397 /* DemoAppApp.swift in Sources */,
			);
			runOnlyForDeploymentPostprocessing = 0;
		};
		5CFCCFA528BEE2B9001CD397 /* Sources */ = {
			isa = PBXSourcesBuildPhase;
			buildActionMask = 2147483647;
			files = (
				5CFCCFAE28BEE2B9001CD397 /* DemoAppTests.swift in Sources */,
			);
			runOnlyForDeploymentPostprocessing = 0;
		};
		5CFCCFAF28BEE2B9001CD397 /* Sources */ = {
			isa = PBXSourcesBuildPhase;
			buildActionMask = 2147483647;
			files = (
				5CFCCFB828BEE2B9001CD397 /* DemoAppUITests.swift in Sources */,
				5CFCCFBA28BEE2B9001CD397 /* DemoAppUITestsLaunchTests.swift in Sources */,
			);
			runOnlyForDeploymentPostprocessing = 0;
		};
/* End PBXSourcesBuildPhase section */

/* Begin PBXTargetDependency section */
		5CFCCFAB28BEE2B9001CD397 /* PBXTargetDependency */ = {
			isa = PBXTargetDependency;
			target = 5CFCCF9828BEE2B8001CD397 /* DemoApp */;
			targetProxy = 5CFCCFAA28BEE2B9001CD397 /* PBXContainerItemProxy */;
		};
		5CFCCFB528BEE2B9001CD397 /* PBXTargetDependency */ = {
			isa = PBXTargetDependency;
			target = 5CFCCF9828BEE2B8001CD397 /* DemoApp */;
			targetProxy = 5CFCCFB428BEE2B9001CD397 /* PBXContainerItemProxy */;
		};
/* End PBXTargetDependency section */

/* Begin XCBuildConfiguration section */
		5CFCCFBB28BEE2B9001CD397 /* Debug */ = {
			isa = XCBuildConfiguration;
			buildSettings = {
				ALWAYS_SEARCH_USER_PATHS = NO;
				CLANG_ANALYZER_NONNULL = YES;
				CLANG_ANALYZER_NUMBER_OBJECT_CONVERSION = YES_AGGRESSIVE;
				CLANG_CXX_LANGUAGE_STANDARD = "gnu++17";
				CLANG_ENABLE_MODULES = YES;
				CLANG_ENABLE_OBJC_ARC = YES;
				CLANG_ENABLE_OBJC_WEAK = YES;
				CLANG_WARN_BLOCK_CAPTURE_AUTORELEASING = YES;
				CLANG_WARN_BOOL_CONVERSION = YES;
				CLANG_WARN_COMMA = YES;
				CLANG_WARN_CONSTANT_CONVERSION = YES;
				CLANG_WARN_DEPRECATED_OBJC_IMPLEMENTATIONS = YES;
				CLANG_WARN_DIRECT_OBJC_ISA_USAGE = YES_ERROR;
				CLANG_WARN_DOCUMENTATION_COMMENTS = YES;
				CLANG_WARN_EMPTY_BODY = YES;
				CLANG_WARN_ENUM_CONVERSION = YES;
				CLANG_WARN_INFINITE_RECURSION = YES;
				CLANG_WARN_INT_CONVERSION = YES;
				CLANG_WARN_NON_LITERAL_NULL_CONVERSION = YES;
				CLANG_WARN_OBJC_IMPLICIT_RETAIN_SELF = YES;
				CLANG_WARN_OBJC_LITERAL_CONVERSION = YES;
				CLANG_WARN_OBJC_ROOT_CLASS = YES_ERROR;
				CLANG_WARN_QUOTED_INCLUDE_IN_FRAMEWORK_HEADER = YES;
				CLANG_WARN_RANGE_LOOP_ANALYSIS = YES;
				CLANG_WARN_STRICT_PROTOTYPES = YES;
				CLANG_WARN_SUSPICIOUS_MOVE = YES;
				CLANG_WARN_UNGUARDED_AVAILABILITY = YES_AGGRESSIVE;
				CLANG_WARN_UNREACHABLE_CODE = YES;
				CLANG_WARN__DUPLICATE_METHOD_MATCH = YES;
				COPY_PHASE_STRIP = NO;
				DEBUG_INFORMATION_FORMAT = dwarf;
				ENABLE_STRICT_OBJC_MSGSEND = YES;
				ENABLE_TESTABILITY = YES;
				GCC_C_LANGUAGE_STANDARD = gnu11;
				GCC_DYNAMIC_NO_PIC = NO;
				GCC_NO_COMMON_BLOCKS = YES;
				GCC_OPTIMIZATION_LEVEL = 0;
				GCC_PREPROCESSOR_DEFINITIONS = (
					"DEBUG=1",
					"$(inherited)",
				);
				GCC_WARN_64_TO_32_BIT_CONVERSION = YES;
				GCC_WARN_ABOUT_RETURN_TYPE = YES_ERROR;
				GCC_WARN_UNDECLARED_SELECTOR = YES;
				GCC_WARN_UNINITIALIZED_AUTOS = YES_AGGRESSIVE;
				GCC_WARN_UNUSED_FUNCTION = YES;
				GCC_WARN_UNUSED_VARIABLE = YES;
				IPHONEOS_DEPLOYMENT_TARGET = 15.5;
				MTL_ENABLE_DEBUG_INFO = INCLUDE_SOURCE;
				MTL_FAST_MATH = YES;
				ONLY_ACTIVE_ARCH = YES;
				SDKROOT = iphoneos;
				SWIFT_ACTIVE_COMPILATION_CONDITIONS = DEBUG;
				SWIFT_OPTIMIZATION_LEVEL = "-Onone";
			};
			name = Debug;
		};
		5CFCCFBC28BEE2B9001CD397 /* Release */ = {
			isa = XCBuildConfiguration;
			buildSettings = {
				ALWAYS_SEARCH_USER_PATHS = NO;
				CLANG_ANALYZER_NONNULL = YES;
				CLANG_ANALYZER_NUMBER_OBJECT_CONVERSION = YES_AGGRESSIVE;
				CLANG_CXX_LANGUAGE_STANDARD = "gnu++17";
				CLANG_ENABLE_MODULES = YES;
				CLANG_ENABLE_OBJC_ARC = YES;
				CLANG_ENABLE_OBJC_WEAK = YES;
				CLANG_WARN_BLOCK_CAPTURE_AUTORELEASING = YES;
				CLANG_WARN_BOOL_CONVERSION = YES;
				CLANG_WARN_COMMA = YES;
				CLANG_WARN_CONSTANT_CONVERSION = YES;
				CLANG_WARN_DEPRECATED_OBJC_IMPLEMENTATIONS = YES;
				CLANG_WARN_DIRECT_OBJC_ISA_USAGE = YES_ERROR;
				CLANG_WARN_DOCUMENTATION_COMMENTS = YES;
				CLANG_WARN_EMPTY_BODY = YES;
				CLANG_WARN_ENUM_CONVERSION = YES;
				CLANG_WARN_INFINITE_RECURSION = YES;
				CLANG_WARN_INT_CONVERSION = YES;
				CLANG_WARN_NON_LITERAL_NULL_CONVERSION = YES;
				CLANG_WARN_OBJC_IMPLICIT_RETAIN_SELF = YES;
				CLANG_WARN_OBJC_LITERAL_CONVERSION = YES;
				CLANG_WARN_OBJC_ROOT_CLASS = YES_ERROR;
				CLANG_WARN_QUOTED_INCLUDE_IN_FRAMEWORK_HEADER = YES;
				CLANG_WARN_RANGE_LOOP_ANALYSIS = YES;
				CLANG_WARN_STRICT_PROTOTYPES = YES;
				CLANG_WARN_SUSPICIOUS_MOVE = YES;
				CLANG_WARN_UNGUARDED_AVAILABILITY = YES_AGGRESSIVE;
				CLANG_WARN_UNREACHABLE_CODE = YES;
				CLANG_WARN__DUPLICATE_METHOD_MATCH = YES;
				COPY_PHASE_STRIP = NO;
				DEBUG_INFORMATION_FORMAT = "dwarf-with-dsym";
				ENABLE_NS_ASSERTIONS = NO;
				ENABLE_STRICT_OBJC_MSGSEND = YES;
				GCC_C_LANGUAGE_STANDARD = gnu11;
				GCC_NO_COMMON_BLOCKS = YES;
				GCC_WARN_64_TO_32_BIT_CONVERSION = YES;
				GCC_WARN_ABOUT_RETURN_TYPE = YES_ERROR;
				GCC_WARN_UNDECLARED_SELECTOR = YES;
				GCC_WARN_UNINITIALIZED_AUTOS = YES_AGGRESSIVE;
				GCC_WARN_UNUSED_FUNCTION = YES;
				GCC_WARN_UNUSED_VARIABLE = YES;
				IPHONEOS_DEPLOYMENT_TARGET = 15.5;
				MTL_ENABLE_DEBUG_INFO = NO;
				MTL_FAST_MATH = YES;
				SDKROOT = iphoneos;
				SWIFT_COMPILATION_MODE = wholemodule;
				SWIFT_OPTIMIZATION_LEVEL = "-O";
				VALIDATE_PRODUCT = YES;
			};
			name = Release;
		};
		5CFCCFBE28BEE2B9001CD397 /* Debug */ = {
			isa = XCBuildConfiguration;
			buildSettings = {
				ASSETCATALOG_COMPILER_APPICON_NAME = AppIcon;
				ASSETCATALOG_COMPILER_GLOBAL_ACCENT_COLOR_NAME = AccentColor;
				CODE_SIGN_STYLE = Automatic;
				CURRENT_PROJECT_VERSION = 1;
				DEVELOPMENT_ASSET_PATHS = "\"DemoApp/Preview Content\"";
				ENABLE_PREVIEWS = YES;
				GENERATE_INFOPLIST_FILE = YES;
				INFOPLIST_KEY_UIApplicationSceneManifest_Generation = YES;
				INFOPLIST_KEY_UIApplicationSupportsIndirectInputEvents = YES;
				INFOPLIST_KEY_UILaunchScreen_Generation = YES;
				INFOPLIST_KEY_UISupportedInterfaceOrientations_iPad = "UIInterfaceOrientationPortrait UIInterfaceOrientationPortraitUpsideDown UIInterfaceOrientationLandscapeLeft UIInterfaceOrientationLandscapeRight";
				INFOPLIST_KEY_UISupportedInterfaceOrientations_iPhone = "UIInterfaceOrientationPortrait UIInterfaceOrientationLandscapeLeft UIInterfaceOrientationLandscapeRight";
				LD_RUNPATH_SEARCH_PATHS = (
					"$(inherited)",
					"@executable_path/Frameworks",
				);
				MARKETING_VERSION = 1.0;
				PRODUCT_BUNDLE_IDENTIFIER = com.eonfluxor.DemoApp;
				PRODUCT_NAME = "$(TARGET_NAME)";
				SWIFT_EMIT_LOC_STRINGS = YES;
				SWIFT_VERSION = 5.0;
				TARGETED_DEVICE_FAMILY = "1,2";
			};
			name = Debug;
		};
		5CFCCFBF28BEE2B9001CD397 /* Release */ = {
			isa = XCBuildConfiguration;
			buildSettings = {
				ASSETCATALOG_COMPILER_APPICON_NAME = AppIcon;
				ASSETCATALOG_COMPILER_GLOBAL_ACCENT_COLOR_NAME = AccentColor;
				CODE_SIGN_STYLE = Automatic;
				CURRENT_PROJECT_VERSION = 1;
				DEVELOPMENT_ASSET_PATHS = "\"DemoApp/Preview Content\"";
				ENABLE_PREVIEWS = YES;
				GENERATE_INFOPLIST_FILE = YES;
				INFOPLIST_KEY_UIApplicationSceneManifest_Generation = YES;
				INFOPLIST_KEY_UIApplicationSupportsIndirectInputEvents = YES;
				INFOPLIST_KEY_UILaunchScreen_Generation = YES;
				INFOPLIST_KEY_UISupportedInterfaceOrientations_iPad = "UIInterfaceOrientationPortrait UIInterfaceOrientationPortraitUpsideDown UIInterfaceOrientationLandscapeLeft UIInterfaceOrientationLandscapeRight";
				INFOPLIST_KEY_UISupportedInterfaceOrientations_iPhone = "UIInterfaceOrientationPortrait UIInterfaceOrientationLandscapeLeft UIInterfaceOrientationLandscapeRight";
				LD_RUNPATH_SEARCH_PATHS = (
					"$(inherited)",
					"@executable_path/Frameworks",
				);
				MARKETING_VERSION = 1.0;
				PRODUCT_BUNDLE_IDENTIFIER = com.eonfluxor.DemoApp;
				PRODUCT_NAME = "$(TARGET_NAME)";
				SWIFT_EMIT_LOC_STRINGS = YES;
				SWIFT_VERSION = 5.0;
				TARGETED_DEVICE_FAMILY = "1,2";
			};
			name = Release;
		};
		5CFCCFC128BEE2B9001CD397 /* Debug */ = {
			isa = XCBuildConfiguration;
			buildSettings = {
				ALWAYS_EMBED_SWIFT_STANDARD_LIBRARIES = YES;
				BUNDLE_LOADER = "$(TEST_HOST)";
				CODE_SIGN_STYLE = Automatic;
				CURRENT_PROJECT_VERSION = 1;
				GENERATE_INFOPLIST_FILE = YES;
				IPHONEOS_DEPLOYMENT_TARGET = 15.5;
				MARKETING_VERSION = 1.0;
				PRODUCT_BUNDLE_IDENTIFIER = com.eonfluxor.DemoAppTests;
				PRODUCT_NAME = "$(TARGET_NAME)";
				SWIFT_EMIT_LOC_STRINGS = NO;
				SWIFT_VERSION = 5.0;
				TARGETED_DEVICE_FAMILY = "1,2";
				TEST_HOST = "$(BUILT_PRODUCTS_DIR)/DemoApp.app/DemoApp";
			};
			name = Debug;
		};
		5CFCCFC228BEE2B9001CD397 /* Release */ = {
			isa = XCBuildConfiguration;
			buildSettings = {
				ALWAYS_EMBED_SWIFT_STANDARD_LIBRARIES = YES;
				BUNDLE_LOADER = "$(TEST_HOST)";
				CODE_SIGN_STYLE = Automatic;
				CURRENT_PROJECT_VERSION = 1;
				GENERATE_INFOPLIST_FILE = YES;
				IPHONEOS_DEPLOYMENT_TARGET = 15.5;
				MARKETING_VERSION = 1.0;
				PRODUCT_BUNDLE_IDENTIFIER = com.eonfluxor.DemoAppTests;
				PRODUCT_NAME = "$(TARGET_NAME)";
				SWIFT_EMIT_LOC_STRINGS = NO;
				SWIFT_VERSION = 5.0;
				TARGETED_DEVICE_FAMILY = "1,2";
				TEST_HOST = "$(BUILT_PRODUCTS_DIR)/DemoApp.app/DemoApp";
			};
			name = Release;
		};
		5CFCCFC428BEE2B9001CD397 /* Debug */ = {
			isa = XCBuildConfiguration;
			buildSettings = {
				ALWAYS_EMBED_SWIFT_STANDARD_LIBRARIES = YES;
				CODE_SIGN_STYLE = Automatic;
				CURRENT_PROJECT_VERSION = 1;
				GENERATE_INFOPLIST_FILE = YES;
				MARKETING_VERSION = 1.0;
				PRODUCT_BUNDLE_IDENTIFIER = com.eonfluxor.DemoAppUITests;
				PRODUCT_NAME = "$(TARGET_NAME)";
				SWIFT_EMIT_LOC_STRINGS = NO;
				SWIFT_VERSION = 5.0;
				TARGETED_DEVICE_FAMILY = "1,2";
				TEST_TARGET_NAME = DemoApp;
			};
			name = Debug;
		};
		5CFCCFC528BEE2B9001CD397 /* Release */ = {
			isa = XCBuildConfiguration;
			buildSettings = {
				ALWAYS_EMBED_SWIFT_STANDARD_LIBRARIES = YES;
				CODE_SIGN_STYLE = Automatic;
				CURRENT_PROJECT_VERSION = 1;
				GENERATE_INFOPLIST_FILE = YES;
				MARKETING_VERSION = 1.0;
				PRODUCT_BUNDLE_IDENTIFIER = com.eonfluxor.DemoAppUITests;
				PRODUCT_NAME = "$(TARGET_NAME)";
				SWIFT_EMIT_LOC_STRINGS = NO;
				SWIFT_VERSION = 5.0;
				TARGETED_DEVICE_FAMILY = "1,2";
				TEST_TARGET_NAME = DemoApp;
			};
			name = Release;
		};
/* End XCBuildConfiguration section */

/* Begin XCConfigurationList section */
		5CFCCF9428BEE2B7001CD397 /* Build configuration list for PBXProject "DemoApp" */ = {
			isa = XCConfigurationList;
			buildConfigurations = (
				5CFCCFBB28BEE2B9001CD397 /* Debug */,
				5CFCCFBC28BEE2B9001CD397 /* Release */,
			);
			defaultConfigurationIsVisible = 0;
			defaultConfigurationName = Release;
		};
		5CFCCFBD28BEE2B9001CD397 /* Build configuration list for PBXNativeTarget "DemoApp" */ = {
			isa = XCConfigurationList;
			buildConfigurations = (
				5CFCCFBE28BEE2B9001CD397 /* Debug */,
				5CFCCFBF28BEE2B9001CD397 /* Release */,
			);
			defaultConfigurationIsVisible = 0;
			defaultConfigurationName = Release;
		};
		5CFCCFC028BEE2B9001CD397 /* Build configuration list for PBXNativeTarget "DemoAppTests" */ = {
			isa = XCConfigurationList;
			buildConfigurations = (
				5CFCCFC128BEE2B9001CD397 /* Debug */,
				5CFCCFC228BEE2B9001CD397 /* Release */,
			);
			defaultConfigurationIsVisible = 0;
			defaultConfigurationName = Release;
		};
		5CFCCFC328BEE2B9001CD397 /* Build configuration list for PBXNativeTarget "DemoAppUITests" */ = {
			isa = XCConfigurationList;
			buildConfigurations = (
				5CFCCFC428BEE2B9001CD397 /* Debug */,
				5CFCCFC528BEE2B9001CD397 /* Release */,
			);
			defaultConfigurationIsVisible = 0;
			defaultConfigurationName = Release;
		};
/* End XCConfigurationList section */

/* Begin XCSwiftPackageProductDependency section */
		5CB21B4428BEE34B00B39783 /* Framework */ = {
			isa = XCSwiftPackageProductDependency;
			productName = Framework;
		};
/* End XCSwiftPackageProductDependency section */
	};
	rootObject = 5CFCCF9128BEE2B7001CD397 /* Project object */;
}
